{
  "name": "porfolio",
  "version": "1.0.0",
  "lockfileVersion": 1,
  "requires": true,
  "dependencies": {
    "darkmode-js": {
      "version": "1.5.7",
      "resolved": "https://registry.npmjs.org/darkmode-js/-/darkmode-js-1.5.7.tgz",
      "integrity": "sha512-gM1KhV/yy/84ZUpES9/oeOn0CVtuOi2HBd+Kccr4CJz+rFccQo2gUuPbjfyPXUx7t800Zf408G6kZb5rkTgjFA=="
    },
    "material-design-icons": {
      "version": "3.0.1",
      "resolved": "https://registry.npmjs.org/material-design-icons/-/material-design-icons-3.0.1.tgz",
      "integrity": "sha1-mnHEh0chjrylHlGmbaaCA4zct78="
    },
    "normalize.css": {
      "version": "8.0.1",
      "resolved": "https://registry.npmjs.org/normalize.css/-/normalize.css-8.0.1.tgz",
      "integrity": "sha512-qizSNPO93t1YUuUhP22btGOo3chcvDFqFaj2TRybP0DMxkHOCTYwp3n34fel4a31ORXy4m1Xq0Gyqpb5m33qIg=="
    }
  }
}
